
Microsoft Visual Studio Solution File, Format Version 12.00
# Visual Studio Version 17
VisualStudioVersion = 17.11.35303.130
MinimumVisualStudioVersion = 10.0.40219.1
Project("{9A19103F-16F7-4668-BE54-9A1E7A4F7556}") = "TooliRent.WebAPI", "TooliRent\TooliRent.WebAPI.csproj", "{12A5E398-A483-45F8-971A-B8CA07D78856}"
EndProject
Project("{FAE04EC0-301F-11D3-BF4B-00C04F79EFBC}") = "TooliRent.Services", "TooliRent.Services\TooliRent.Services.csproj", "{A33EEFB3-5988-4C0B-9F58-0703CE20BB6E}"
EndProject
Project("{FAE04EC0-301F-11D3-BF4B-00C04F79EFBC}") = "TooliRent.Core", "TooliRent.Core\TooliRent.Core.csproj", "{8B0BAC64-A95C-4719-8F25-77C4D4EB1322}"
EndProject
Project("{FAE04EC0-301F-11D3-BF4B-00C04F79EFBC}") = "TooliRent.Infrastructure", "TooliRent.Infrastructure\TooliRent.Infrastructure.csproj", "{E8CC8519-8CCD-4AF9-A543-DF664DC93A2E}"
EndProject
Global
	GlobalSection(SolutionConfigurationPlatforms) = preSolution
		Debug|Any CPU = Debug|Any CPU
		Release|Any CPU = Release|Any CPU
	EndGlobalSection
	GlobalSection(ProjectConfigurationPlatforms) = postSolution
		{12A5E398-A483-45F8-971A-B8CA07D78856}.Debug|Any CPU.ActiveCfg = Debug|Any CPU
		{12A5E398-A483-45F8-971A-B8CA07D78856}.Debug|Any CPU.Build.0 = Debug|Any CPU
		{12A5E398-A483-45F8-971A-B8CA07D78856}.Release|Any CPU.ActiveCfg = Release|Any CPU
		{12A5E398-A483-45F8-971A-B8CA07D78856}.Release|Any CPU.Build.0 = Release|Any CPU
		{A33EEFB3-5988-4C0B-9F58-0703CE20BB6E}.Debug|Any CPU.ActiveCfg = Debug|Any CPU
		{A33EEFB3-5988-4C0B-9F58-0703CE20BB6E}.Debug|Any CPU.Build.0 = Debug|Any CPU
		{A33EEFB3-5988-4C0B-9F58-0703CE20BB6E}.Release|Any CPU.ActiveCfg = Release|Any CPU
		{A33EEFB3-5988-4C0B-9F58-0703CE20BB6E}.Release|Any CPU.Build.0 = Release|Any CPU
		{8B0BAC64-A95C-4719-8F25-77C4D4EB1322}.Debug|Any CPU.ActiveCfg = Debug|Any CPU
		{8B0BAC64-A95C-4719-8F25-77C4D4EB1322}.Debug|Any CPU.Build.0 = Debug|Any CPU
		{8B0BAC64-A95C-4719-8F25-77C4D4EB1322}.Release|Any CPU.ActiveCfg = Release|Any CPU
		{8B0BAC64-A95C-4719-8F25-77C4D4EB1322}.Release|Any CPU.Build.0 = Release|Any CPU
		{E8CC8519-8CCD-4AF9-A543-DF664DC93A2E}.Debug|Any CPU.ActiveCfg = Debug|Any CPU
		{E8CC8519-8CCD-4AF9-A543-DF664DC93A2E}.Debug|Any CPU.Build.0 = Debug|Any CPU
		{E8CC8519-8CCD-4AF9-A543-DF664DC93A2E}.Release|Any CPU.ActiveCfg = Release|Any CPU
		{E8CC8519-8CCD-4AF9-A543-DF664DC93A2E}.Release|Any CPU.Build.0 = Release|Any CPU
	EndGlobalSection
	GlobalSection(SolutionProperties) = preSolution
		HideSolutionNode = FALSE
	EndGlobalSection
	GlobalSection(ExtensibilityGlobals) = postSolution
		SolutionGuid = {05699140-68DD-4A80-B61B-4177975D8CC4}
	EndGlobalSection
EndGlobal
